
Microsoft Visual Studio Solution File, Format Version 12.00
# Visual Studio Version 16
VisualStudioVersion = 16.0.31112.23
MinimumVisualStudioVersion = 10.0.40219.1
Project("{FAE04EC0-301F-11D3-BF4B-00C04F79EFBC}") = "ValidatingAHexa", "ValidatingAHexa\ValidatingAHexa.csproj", "{8450AC58-7AFE-4D3E-822E-5DCA2386ED4A}"
EndProject
Global
	GlobalSection(SolutionConfigurationPlatforms) = preSolution
		Debug|Any CPU = Debug|Any CPU
		Release|Any CPU = Release|Any CPU
	EndGlobalSection
	GlobalSection(ProjectConfigurationPlatforms) = postSolution
		{8450AC58-7AFE-4D3E-822E-5DCA2386ED4A}.Debug|Any CPU.ActiveCfg = Debug|Any CPU
		{8450AC58-7AFE-4D3E-822E-5DCA2386ED4A}.Debug|Any CPU.Build.0 = Debug|Any CPU
		{8450AC58-7AFE-4D3E-822E-5DCA2386ED4A}.Release|Any CPU.ActiveCfg = Release|Any CPU
		{8450AC58-7AFE-4D3E-822E-5DCA2386ED4A}.Release|Any CPU.Build.0 = Release|Any CPU
	EndGlobalSection
	GlobalSection(SolutionProperties) = preSolution
		HideSolutionNode = FALSE
	EndGlobalSection
	GlobalSection(ExtensibilityGlobals) = postSolution
		SolutionGuid = {BDBBA96D-51AE-4C06-A125-BA072C0E80F0}
	EndGlobalSection
EndGlobal
